// !$*UTF8*$!
{
	archiveVersion = 1;
	classes = {
	};
	objectVersion = 50;
	objects = {

/* Begin PBXBuildFile section */
		E159F7B826E0A56A00022BC0 /* YAApp.swift in Sources */ = {isa = PBXBuildFile; fileRef = E159F7B726E0A56A00022BC0 /* YAApp.swift */; };
		E159F7BA26E0A56A00022BC0 /* ContentView.swift in Sources */ = {isa = PBXBuildFile; fileRef = E159F7B926E0A56A00022BC0 /* ContentView.swift */; };
		E159F7BC26E0A56B00022BC0 /* Assets.xcassets in Resources */ = {isa = PBXBuildFile; fileRef = E159F7BB26E0A56B00022BC0 /* Assets.xcassets */; };
		E159F7BF26E0A56B00022BC0 /* Preview Assets.xcassets in Resources */ = {isa = PBXBuildFile; fileRef = E159F7BE26E0A56B00022BC0 /* Preview Assets.xcassets */; };
		E159F7CA26E0A56B00022BC0 /* YATests.swift in Sources */ = {isa = PBXBuildFile; fileRef = E159F7C926E0A56B00022BC0 /* YATests.swift */; };
		E159F7D526E0A56B00022BC0 /* YAUITests.swift in Sources */ = {isa = PBXBuildFile; fileRef = E159F7D426E0A56B00022BC0 /* YAUITests.swift */; };
/* End PBXBuildFile section */

/* Begin PBXContainerItemProxy section */
		E159F7C626E0A56B00022BC0 /* PBXContainerItemProxy */ = {
			isa = PBXContainerItemProxy;
			containerPortal = E159F7AC26E0A56A00022BC0 /* Project object */;
			proxyType = 1;
			remoteGlobalIDString = E159F7B326E0A56A00022BC0;
			remoteInfo = YA;
		};
		E159F7D126E0A56B00022BC0 /* PBXContainerItemProxy */ = {
			isa = PBXContainerItemProxy;
			containerPortal = E159F7AC26E0A56A00022BC0 /* Project object */;
			proxyType = 1;
			remoteGlobalIDString = E159F7B326E0A56A00022BC0;
			remoteInfo = YA;
		};
/* End PBXContainerItemProxy section */

/* Begin PBXFileReference section */
		E159F7B426E0A56A00022BC0 /* YA.app */ = {isa = PBXFileReference; explicitFileType = wrapper.application; includeInIndex = 0; path = YA.app; sourceTree = BUILT_PRODUCTS_DIR; };
		E159F7B726E0A56A00022BC0 /* YAApp.swift */ = {isa = PBXFileReference; lastKnownFileType = sourcecode.swift; path = YAApp.swift; sourceTree = "<group>"; };
		E159F7B926E0A56A00022BC0 /* ContentView.swift */ = {isa = PBXFileReference; lastKnownFileType = sourcecode.swift; path = ContentView.swift; sourceTree = "<group>"; };
		E159F7BB26E0A56B00022BC0 /* Assets.xcassets */ = {isa = PBXFileReference; lastKnownFileType = folder.assetcatalog; path = Assets.xcassets; sourceTree = "<group>"; };
		E159F7BE26E0A56B00022BC0 /* Preview Assets.xcassets */ = {isa = PBXFileReference; lastKnownFileType = folder.assetcatalog; path = "Preview Assets.xcassets"; sourceTree = "<group>"; };
		E159F7C026E0A56B00022BC0 /* Info.plist */ = {isa = PBXFileReference; lastKnownFileType = text.plist.xml; path = Info.plist; sourceTree = "<group>"; };
		E159F7C526E0A56B00022BC0 /* YATests.xctest */ = {isa = PBXFileReference; explicitFileType = wrapper.cfbundle; includeInIndex = 0; path = YATests.xctest; sourceTree = BUILT_PRODUCTS_DIR; };
		E159F7C926E0A56B00022BC0 /* YATests.swift */ = {isa = PBXFileReference; lastKnownFileType = sourcecode.swift; path = YATests.swift; sourceTree = "<group>"; };
		E159F7CB26E0A56B00022BC0 /* Info.plist */ = {isa = PBXFileReference; lastKnownFileType = text.plist.xml; path = Info.plist; sourceTree = "<group>"; };
		E159F7D026E0A56B00022BC0 /* YAUITests.xctest */ = {isa = PBXFileReference; explicitFileType = wrapper.cfbundle; includeInIndex = 0; path = YAUITests.xctest; sourceTree = BUILT_PRODUCTS_DIR; };
		E159F7D426E0A56B00022BC0 /* YAUITests.swift */ = {isa = PBXFileReference; lastKnownFileType = sourcecode.swift; path = YAUITests.swift; sourceTree = "<group>"; };
		E159F7D626E0A56B00022BC0 /* Info.plist */ = {isa = PBXFileReference; lastKnownFileType = text.plist.xml; path = Info.plist; sourceTree = "<group>"; };
/* End PBXFileReference section */

/* Begin PBXFrameworksBuildPhase section */
		E159F7B126E0A56A00022BC0 /* Frameworks */ = {
			isa = PBXFrameworksBuildPhase;
			buildActionMask = 2147483647;
			files = (
			);
			runOnlyForDeploymentPostprocessing = 0;
		};
		E159F7C226E0A56B00022BC0 /* Frameworks */ = {
			isa = PBXFrameworksBuildPhase;
			buildActionMask = 2147483647;
			files = (
			);
			runOnlyForDeploymentPostprocessing = 0;
		};
		E159F7CD26E0A56B00022BC0 /* Frameworks */ = {
			isa = PBXFrameworksBuildPhase;
			buildActionMask = 2147483647;
			files = (
			);
			runOnlyForDeploymentPostprocessing = 0;
		};
/* End PBXFrameworksBuildPhase section */

/* Begin PBXGroup section */
		E159F7AB26E0A56A00022BC0 = {
			isa = PBXGroup;
			children = (
				E159F7B626E0A56A00022BC0 /* YA */,
				E159F7C826E0A56B00022BC0 /* YATests */,
				E159F7D326E0A56B00022BC0 /* YAUITests */,
				E159F7B526E0A56A00022BC0 /* Products */,
			);
			sourceTree = "<group>";
		};
		E159F7B526E0A56A00022BC0 /* Products */ = {
			isa = PBXGroup;
			children = (
				E159F7B426E0A56A00022BC0 /* YA.app */,
				E159F7C526E0A56B00022BC0 /* YATests.xctest */,
				E159F7D026E0A56B00022BC0 /* YAUITests.xctest */,
			);
			name = Products;
			sourceTree = "<group>";
		};
		E159F7B626E0A56A00022BC0 /* YA */ = {
			isa = PBXGroup;
			children = (
				E159F7B726E0A56A00022BC0 /* YAApp.swift */,
				E159F7B926E0A56A00022BC0 /* ContentView.swift */,
				E159F7BB26E0A56B00022BC0 /* Assets.xcassets */,
				E159F7C026E0A56B00022BC0 /* Info.plist */,
				E159F7BD26E0A56B00022BC0 /* Preview Content */,
			);
			path = YA;
			sourceTree = "<group>";
		};
		E159F7BD26E0A56B00022BC0 /* Preview Content */ = {
			isa = PBXGroup;
			children = (
				E159F7BE26E0A56B00022BC0 /* Preview Assets.xcassets */,
			);
			path = "Preview Content";
			sourceTree = "<group>";
		};
		E159F7C826E0A56B00022BC0 /* YATests */ = {
			isa = PBXGroup;
			children = (
				E159F7C926E0A56B00022BC0 /* YATests.swift */,
				E159F7CB26E0A56B00022BC0 /* Info.plist */,
			);
			path = YATests;
			sourceTree = "<group>";
		};
		E159F7D326E0A56B00022BC0 /* YAUITests */ = {
			isa = PBXGroup;
			children = (
				E159F7D426E0A56B00022BC0 /* YAUITests.swift */,
				E159F7D626E0A56B00022BC0 /* Info.plist */,
			);
			path = YAUITests;
			sourceTree = "<group>";
		};
/* End PBXGroup section */

/* Begin PBXNativeTarget section */
		E159F7B326E0A56A00022BC0 /* YA */ = {
			isa = PBXNativeTarget;
			buildConfigurationList = E159F7D926E0A56B00022BC0 /* Build configuration list for PBXNativeTarget "YA" */;
			buildPhases = (
				E159F7B026E0A56A00022BC0 /* Sources */,
				E159F7B126E0A56A00022BC0 /* Frameworks */,
				E159F7B226E0A56A00022BC0 /* Resources */,
			);
			buildRules = (
			);
			dependencies = (
			);
			name = YA;
			productName = YA;
			productReference = E159F7B426E0A56A00022BC0 /* YA.app */;
			productType = "com.apple.product-type.application";
		};
		E159F7C426E0A56B00022BC0 /* YATests */ = {
			isa = PBXNativeTarget;
			buildConfigurationList = E159F7DC26E0A56B00022BC0 /* Build configuration list for PBXNativeTarget "YATests" */;
			buildPhases = (
				E159F7C126E0A56B00022BC0 /* Sources */,
				E159F7C226E0A56B00022BC0 /* Frameworks */,
				E159F7C326E0A56B00022BC0 /* Resources */,
			);
			buildRules = (
			);
			dependencies = (
				E159F7C726E0A56B00022BC0 /* PBXTargetDependency */,
			);
			name = YATests;
			productName = YATests;
			productReference = E159F7C526E0A56B00022BC0 /* YATests.xctest */;
			productType = "com.apple.product-type.bundle.unit-test";
		};
		E159F7CF26E0A56B00022BC0 /* YAUITests */ = {
			isa = PBXNativeTarget;
			buildConfigurationList = E159F7DF26E0A56B00022BC0 /* Build configuration list for PBXNativeTarget "YAUITests" */;
			buildPhases = (
				E159F7CC26E0A56B00022BC0 /* Sources */,
				E159F7CD26E0A56B00022BC0 /* Frameworks */,
				E159F7CE26E0A56B00022BC0 /* Resources */,
			);
			buildRules = (
			);
			dependencies = (
				E159F7D226E0A56B00022BC0 /* PBXTargetDependency */,
			);
			name = YAUITests;
			productName = YAUITests;
			productReference = E159F7D026E0A56B00022BC0 /* YAUITests.xctest */;
			productType = "com.apple.product-type.bundle.ui-testing";
		};
/* End PBXNativeTarget section */

/* Begin PBXProject section */
		E159F7AC26E0A56A00022BC0 /* Project object */ = {
			isa = PBXProject;
			attributes = {
				LastSwiftUpdateCheck = 1250;
				LastUpgradeCheck = 1250;
				TargetAttributes = {
					E159F7B326E0A56A00022BC0 = {
						CreatedOnToolsVersion = 12.5.1;
					};
					E159F7C426E0A56B00022BC0 = {
						CreatedOnToolsVersion = 12.5.1;
						TestTargetID = E159F7B326E0A56A00022BC0;
					};
					E159F7CF26E0A56B00022BC0 = {
						CreatedOnToolsVersion = 12.5.1;
						TestTargetID = E159F7B326E0A56A00022BC0;
					};
				};
			};
			buildConfigurationList = E159F7AF26E0A56A00022BC0 /* Build configuration list for PBXProject "YA" */;
			compatibilityVersion = "Xcode 9.3";
			developmentRegion = en;
			hasScannedForEncodings = 0;
			knownRegions = (
				en,
				Base,
			);
			mainGroup = E159F7AB26E0A56A00022BC0;
			productRefGroup = E159F7B526E0A56A00022BC0 /* Products */;
			projectDirPath = "";
			projectRoot = "";
			targets = (
				E159F7B326E0A56A00022BC0 /* YA */,
				E159F7C426E0A56B00022BC0 /* YATests */,
				E159F7CF26E0A56B00022BC0 /* YAUITests */,
			);
		};
/* End PBXProject section */

/* Begin PBXResourcesBuildPhase section */
		E159F7B226E0A56A00022BC0 /* Resources */ = {
			isa = PBXResourcesBuildPhase;
			buildActionMask = 2147483647;
			files = (
				E159F7BF26E0A56B00022BC0 /* Preview Assets.xcassets in Resources */,
				E159F7BC26E0A56B00022BC0 /* Assets.xcassets in Resources */,
			);
			runOnlyForDeploymentPostprocessing = 0;
		};
		E159F7C326E0A56B00022BC0 /* Resources */ = {
			isa = PBXResourcesBuildPhase;
			buildActionMask = 2147483647;
			files = (
			);
			runOnlyForDeploymentPostprocessing = 0;
		};
		E159F7CE26E0A56B00022BC0 /* Resources */ = {
			isa = PBXResourcesBuildPhase;
			buildActionMask = 2147483647;
			files = (
			);
			runOnlyForDeploymentPostprocessing = 0;
		};
/* End PBXResourcesBuildPhase section */

/* Begin PBXSourcesBuildPhase section */
		E159F7B026E0A56A00022BC0 /* Sources */ = {
			isa = PBXSourcesBuildPhase;
			buildActionMask = 2147483647;
			files = (
				E159F7BA26E0A56A00022BC0 /* ContentView.swift in Sources */,
				E159F7B826E0A56A00022BC0 /* YAApp.swift in Sources */,
			);
			runOnlyForDeploymentPostprocessing = 0;
		};
		E159F7C126E0A56B00022BC0 /* Sources */ = {
			isa = PBXSourcesBuildPhase;
			buildActionMask = 2147483647;
			files = (
				E159F7CA26E0A56B00022BC0 /* YATests.swift in Sources */,
			);
			runOnlyForDeploymentPostprocessing = 0;
		};
		E159F7CC26E0A56B00022BC0 /* Sources */ = {
			isa = PBXSourcesBuildPhase;
			buildActionMask = 2147483647;
			files = (
				E159F7D526E0A56B00022BC0 /* YAUITests.swift in Sources */,
			);
			runOnlyForDeploymentPostprocessing = 0;
		};
/* End PBXSourcesBuildPhase section */

/* Begin PBXTargetDependency section */
		E159F7C726E0A56B00022BC0 /* PBXTargetDependency */ = {
			isa = PBXTargetDependency;
			target = E159F7B326E0A56A00022BC0 /* YA */;
			targetProxy = E159F7C626E0A56B00022BC0 /* PBXContainerItemProxy */;
		};
		E159F7D226E0A56B00022BC0 /* PBXTargetDependency */ = {
			isa = PBXTargetDependency;
			target = E159F7B326E0A56A00022BC0 /* YA */;
			targetProxy = E159F7D126E0A56B00022BC0 /* PBXContainerItemProxy */;
		};
/* End PBXTargetDependency section */

/* Begin XCBuildConfiguration section */
		E159F7D726E0A56B00022BC0 /* Debug */ = {
			isa = XCBuildConfiguration;
			buildSettings = {
				ALWAYS_SEARCH_USER_PATHS = NO;
				CLANG_ANALYZER_NONNULL = YES;
				CLANG_ANALYZER_NUMBER_OBJECT_CONVERSION = YES_AGGRESSIVE;
				CLANG_CXX_LANGUAGE_STANDARD = "gnu++14";
				CLANG_CXX_LIBRARY = "libc++";
				CLANG_ENABLE_MODULES = YES;
				CLANG_ENABLE_OBJC_ARC = YES;
				CLANG_ENABLE_OBJC_WEAK = YES;
				CLANG_WARN_BLOCK_CAPTURE_AUTORELEASING = YES;
				CLANG_WARN_BOOL_CONVERSION = YES;
				CLANG_WARN_COMMA = YES;
				CLANG_WARN_CONSTANT_CONVERSION = YES;
				CLANG_WARN_DEPRECATED_OBJC_IMPLEMENTATIONS = YES;
				CLANG_WARN_DIRECT_OBJC_ISA_USAGE = YES_ERROR;
				CLANG_WARN_DOCUMENTATION_COMMENTS = YES;
				CLANG_WARN_EMPTY_BODY = YES;
				CLANG_WARN_ENUM_CONVERSION = YES;
				CLANG_WARN_INFINITE_RECURSION = YES;
				CLANG_WARN_INT_CONVERSION = YES;
				CLANG_WARN_NON_LITERAL_NULL_CONVERSION = YES;
				CLANG_WARN_OBJC_IMPLICIT_RETAIN_SELF = YES;
				CLANG_WARN_OBJC_LITERAL_CONVERSION = YES;
				CLANG_WARN_OBJC_ROOT_CLASS = YES_ERROR;
				CLANG_WARN_QUOTED_INCLUDE_IN_FRAMEWORK_HEADER = YES;
				CLANG_WARN_RANGE_LOOP_ANALYSIS = YES;
				CLANG_WARN_STRICT_PROTOTYPES = YES;
				CLANG_WARN_SUSPICIOUS_MOVE = YES;
				CLANG_WARN_UNGUARDED_AVAILABILITY = YES_AGGRESSIVE;
				CLANG_WARN_UNREACHABLE_CODE = YES;
				CLANG_WARN__DUPLICATE_METHOD_MATCH = YES;
				COPY_PHASE_STRIP = NO;
				DEBUG_INFORMATION_FORMAT = dwarf;
				ENABLE_STRICT_OBJC_MSGSEND = YES;
				ENABLE_TESTABILITY = YES;
				GCC_C_LANGUAGE_STANDARD = gnu11;
				GCC_DYNAMIC_NO_PIC = NO;
				GCC_NO_COMMON_BLOCKS = YES;
				GCC_OPTIMIZATION_LEVEL = 0;
				GCC_PREPROCESSOR_DEFINITIONS = (
					"DEBUG=1",
					"$(inherited)",
				);
				GCC_WARN_64_TO_32_BIT_CONVERSION = YES;
				GCC_WARN_ABOUT_RETURN_TYPE = YES_ERROR;
				GCC_WARN_UNDECLARED_SELECTOR = YES;
				GCC_WARN_UNINITIALIZED_AUTOS = YES_AGGRESSIVE;
				GCC_WARN_UNUSED_FUNCTION = YES;
				GCC_WARN_UNUSED_VARIABLE = YES;
				IPHONEOS_DEPLOYMENT_TARGET = 14.5;
				MTL_ENABLE_DEBUG_INFO = INCLUDE_SOURCE;
				MTL_FAST_MATH = YES;
				ONLY_ACTIVE_ARCH = YES;
				SDKROOT = iphoneos;
				SWIFT_ACTIVE_COMPILATION_CONDITIONS = DEBUG;
				SWIFT_OPTIMIZATION_LEVEL = "-Onone";
			};
			name = Debug;
		};
		E159F7D826E0A56B00022BC0 /* Release */ = {
			isa = XCBuildConfiguration;
			buildSettings = {
				ALWAYS_SEARCH_USER_PATHS = NO;
				CLANG_ANALYZER_NONNULL = YES;
				CLANG_ANALYZER_NUMBER_OBJECT_CONVERSION = YES_AGGRESSIVE;
				CLANG_CXX_LANGUAGE_STANDARD = "gnu++14";
				CLANG_CXX_LIBRARY = "libc++";
				CLANG_ENABLE_MODULES = YES;
				CLANG_ENABLE_OBJC_ARC = YES;
				CLANG_ENABLE_OBJC_WEAK = YES;
				CLANG_WARN_BLOCK_CAPTURE_AUTORELEASING = YES;
				CLANG_WARN_BOOL_CONVERSION = YES;
				CLANG_WARN_COMMA = YES;
				CLANG_WARN_CONSTANT_CONVERSION = YES;
				CLANG_WARN_DEPRECATED_OBJC_IMPLEMENTATIONS = YES;
				CLANG_WARN_DIRECT_OBJC_ISA_USAGE = YES_ERROR;
				CLANG_WARN_DOCUMENTATION_COMMENTS = YES;
				CLANG_WARN_EMPTY_BODY = YES;
				CLANG_WARN_ENUM_CONVERSION = YES;
				CLANG_WARN_INFINITE_RECURSION = YES;
				CLANG_WARN_INT_CONVERSION = YES;
				CLANG_WARN_NON_LITERAL_NULL_CONVERSION = YES;
				CLANG_WARN_OBJC_IMPLICIT_RETAIN_SELF = YES;
				CLANG_WARN_OBJC_LITERAL_CONVERSION = YES;
				CLANG_WARN_OBJC_ROOT_CLASS = YES_ERROR;
				CLANG_WARN_QUOTED_INCLUDE_IN_FRAMEWORK_HEADER = YES;
				CLANG_WARN_RANGE_LOOP_ANALYSIS = YES;
				CLANG_WARN_STRICT_PROTOTYPES = YES;
				CLANG_WARN_SUSPICIOUS_MOVE = YES;
				CLANG_WARN_UNGUARDED_AVAILABILITY = YES_AGGRESSIVE;
				CLANG_WARN_UNREACHABLE_CODE = YES;
				CLANG_WARN__DUPLICATE_METHOD_MATCH = YES;
				COPY_PHASE_STRIP = NO;
				DEBUG_INFORMATION_FORMAT = "dwarf-with-dsym";
				ENABLE_NS_ASSERTIONS = NO;
				ENABLE_STRICT_OBJC_MSGSEND = YES;
				GCC_C_LANGUAGE_STANDARD = gnu11;
				GCC_NO_COMMON_BLOCKS = YES;
				GCC_WARN_64_TO_32_BIT_CONVERSION = YES;
				GCC_WARN_ABOUT_RETURN_TYPE = YES_ERROR;
				GCC_WARN_UNDECLARED_SELECTOR = YES;
				GCC_WARN_UNINITIALIZED_AUTOS = YES_AGGRESSIVE;
				GCC_WARN_UNUSED_FUNCTION = YES;
				GCC_WARN_UNUSED_VARIABLE = YES;
				IPHONEOS_DEPLOYMENT_TARGET = 14.5;
				MTL_ENABLE_DEBUG_INFO = NO;
				MTL_FAST_MATH = YES;
				SDKROOT = iphoneos;
				SWIFT_COMPILATION_MODE = wholemodule;
				SWIFT_OPTIMIZATION_LEVEL = "-O";
				VALIDATE_PRODUCT = YES;
			};
			name = Release;
		};
		E159F7DA26E0A56B00022BC0 /* Debug */ = {
			isa = XCBuildConfiguration;
			buildSettings = {
				ASSETCATALOG_COMPILER_APPICON_NAME = AppIcon;
				ASSETCATALOG_COMPILER_GLOBAL_ACCENT_COLOR_NAME = AccentColor;
				CODE_SIGN_STYLE = Automatic;
				DEVELOPMENT_ASSET_PATHS = "\"YA/Preview Content\"";
				DEVELOPMENT_TEAM = MVLTKC648K;
				ENABLE_PREVIEWS = YES;
				INFOPLIST_FILE = YA/Info.plist;
				IPHONEOS_DEPLOYMENT_TARGET = 14.0;
				LD_RUNPATH_SEARCH_PATHS = (
					"$(inherited)",
					"@executable_path/Frameworks",
				);
				PRODUCT_BUNDLE_IDENTIFIER = none.YA;
				PRODUCT_NAME = "$(TARGET_NAME)";
				SWIFT_VERSION = 5.0;
				TARGETED_DEVICE_FAMILY = "1,2";
			};
			name = Debug;
		};
		E159F7DB26E0A56B00022BC0 /* Release */ = {
			isa = XCBuildConfiguration;
			buildSettings = {
				ASSETCATALOG_COMPILER_APPICON_NAME = AppIcon;
				ASSETCATALOG_COMPILER_GLOBAL_ACCENT_COLOR_NAME = AccentColor;
				CODE_SIGN_STYLE = Automatic;
				DEVELOPMENT_ASSET_PATHS = "\"YA/Preview Content\"";
				DEVELOPMENT_TEAM = MVLTKC648K;
				ENABLE_PREVIEWS = YES;
				INFOPLIST_FILE = YA/Info.plist;
				IPHONEOS_DEPLOYMENT_TARGET = 14.0;
				LD_RUNPATH_SEARCH_PATHS = (
					"$(inherited)",
					"@executable_path/Frameworks",
				);
				PRODUCT_BUNDLE_IDENTIFIER = none.YA;
				PRODUCT_NAME = "$(TARGET_NAME)";
				SWIFT_VERSION = 5.0;
				TARGETED_DEVICE_FAMILY = "1,2";
			};
			name = Release;
		};
		E159F7DD26E0A56B00022BC0 /* Debug */ = {
			isa = XCBuildConfiguration;
			buildSettings = {
				ALWAYS_EMBED_SWIFT_STANDARD_LIBRARIES = YES;
				BUNDLE_LOADER = "$(TEST_HOST)";
				CODE_SIGN_STYLE = Automatic;
				DEVELOPMENT_TEAM = MVLTKC648K;
				INFOPLIST_FILE = YATests/Info.plist;
				IPHONEOS_DEPLOYMENT_TARGET = 14.0;
				LD_RUNPATH_SEARCH_PATHS = (
					"$(inherited)",
					"@executable_path/Frameworks",
					"@loader_path/Frameworks",
				);
				PRODUCT_BUNDLE_IDENTIFIER = none.YATests;
				PRODUCT_NAME = "$(TARGET_NAME)";
				SWIFT_VERSION = 5.0;
				TARGETED_DEVICE_FAMILY = "1,2";
				TEST_HOST = "$(BUILT_PRODUCTS_DIR)/YA.app/YA";
			};
			name = Debug;
		};
		E159F7DE26E0A56B00022BC0 /* Release */ = {
			isa = XCBuildConfiguration;
			buildSettings = {
				ALWAYS_EMBED_SWIFT_STANDARD_LIBRARIES = YES;
				BUNDLE_LOADER = "$(TEST_HOST)";
				CODE_SIGN_STYLE = Automatic;
				DEVELOPMENT_TEAM = MVLTKC648K;
				INFOPLIST_FILE = YATests/Info.plist;
				IPHONEOS_DEPLOYMENT_TARGET = 14.0;
				LD_RUNPATH_SEARCH_PATHS = (
					"$(inherited)",
					"@executable_path/Frameworks",
					"@loader_path/Frameworks",
				);
				PRODUCT_BUNDLE_IDENTIFIER = none.YATests;
				PRODUCT_NAME = "$(TARGET_NAME)";
				SWIFT_VERSION = 5.0;
				TARGETED_DEVICE_FAMILY = "1,2";
				TEST_HOST = "$(BUILT_PRODUCTS_DIR)/YA.app/YA";
			};
			name = Release;
		};
		E159F7E026E0A56B00022BC0 /* Debug */ = {
			isa = XCBuildConfiguration;
			buildSettings = {
				ALWAYS_EMBED_SWIFT_STANDARD_LIBRARIES = YES;
				CODE_SIGN_STYLE = Automatic;
				DEVELOPMENT_TEAM = MVLTKC648K;
				INFOPLIST_FILE = YAUITests/Info.plist;
				LD_RUNPATH_SEARCH_PATHS = (
					"$(inherited)",
					"@executable_path/Frameworks",
					"@loader_path/Frameworks",
				);
				PRODUCT_BUNDLE_IDENTIFIER = none.YAUITests;
				PRODUCT_NAME = "$(TARGET_NAME)";
				SWIFT_VERSION = 5.0;
				TARGETED_DEVICE_FAMILY = "1,2";
				TEST_TARGET_NAME = YA;
			};
			name = Debug;
		};
		E159F7E126E0A56B00022BC0 /* Release */ = {
			isa = XCBuildConfiguration;
			buildSettings = {
				ALWAYS_EMBED_SWIFT_STANDARD_LIBRARIES = YES;
				CODE_SIGN_STYLE = Automatic;
				DEVELOPMENT_TEAM = MVLTKC648K;
				INFOPLIST_FILE = YAUITests/Info.plist;
				LD_RUNPATH_SEARCH_PATHS = (
					"$(inherited)",
					"@executable_path/Frameworks",
					"@loader_path/Frameworks",
				);
				PRODUCT_BUNDLE_IDENTIFIER = none.YAUITests;
				PRODUCT_NAME = "$(TARGET_NAME)";
				SWIFT_VERSION = 5.0;
				TARGETED_DEVICE_FAMILY = "1,2";
				TEST_TARGET_NAME = YA;
			};
			name = Release;
		};
/* End XCBuildConfiguration section */

/* Begin XCConfigurationList section */
		E159F7AF26E0A56A00022BC0 /* Build configuration list for PBXProject "YA" */ = {
			isa = XCConfigurationList;
			buildConfigurations = (
				E159F7D726E0A56B00022BC0 /* Debug */,
				E159F7D826E0A56B00022BC0 /* Release */,
			);
			defaultConfigurationIsVisible = 0;
			defaultConfigurationName = Release;
		};
		E159F7D926E0A56B00022BC0 /* Build configuration list for PBXNativeTarget "YA" */ = {
			isa = XCConfigurationList;
			buildConfigurations = (
				E159F7DA26E0A56B00022BC0 /* Debug */,
				E159F7DB26E0A56B00022BC0 /* Release */,
			);
			defaultConfigurationIsVisible = 0;
			defaultConfigurationName = Release;
		};
		E159F7DC26E0A56B00022BC0 /* Build configuration list for PBXNativeTarget "YATests" */ = {
			isa = XCConfigurationList;
			buildConfigurations = (
				E159F7DD26E0A56B00022BC0 /* Debug */,
				E159F7DE26E0A56B00022BC0 /* Release */,
			);
			defaultConfigurationIsVisible = 0;
			defaultConfigurationName = Release;
		};
		E159F7DF26E0A56B00022BC0 /* Build configuration list for PBXNativeTarget "YAUITests" */ = {
			isa = XCConfigurationList;
			buildConfigurations = (
				E159F7E026E0A56B00022BC0 /* Debug */,
				E159F7E126E0A56B00022BC0 /* Release */,
			);
			defaultConfigurationIsVisible = 0;
			defaultConfigurationName = Release;
		};
/* End XCConfigurationList section */
	};
	rootObject = E159F7AC26E0A56A00022BC0 /* Project object */;
}
